<?xml version="1.0" encoding="utf-8"?>
<Project ToolsVersion="4.0" xmlns="http://schemas.microsoft.com/developer/msbuild/2003">
  <ItemGroup>
    <Filter Include="Sources">
      <UniqueIdentifier>{4FC737F1-C7A5-4376-A066-2A32D752A2FF}</UniqueIdentifier>
      <Extensions>cpp;c;cc;cxx;c++;cppm;ixx;def;odl;idl;hpj;bat;asm;asmx</Extensions>
    </Filter>
    <Filter Include="Resources">
      <UniqueIdentifier>{67DA6AB6-F800-4c08-8B7A-83BB121AAD01}</UniqueIdentifier>
      <Extensions>rc;ico;cur;bmp;dlg;rc2;rct;bin;rgs;gif;jpg;jpeg;jpe;resx;tiff;tif;png;wav;mfcribbon-ms</Extensions>
    </Filter>
  </ItemGroup>
  <ItemGroup>
    <ClCompile Include="Main.cpp">
      <Filter>Sources</Filter>
    </ClCompile>
    <ClCompile Include="Framebuffer.cpp">
      <Filter>Sources</Filter>
    </ClCompile>
    <ClCompile Include="Renderer.cpp">
      <Filter>Sources</Filter>
    </ClCompile>
    <ClCompile Include="Image.cpp">
      <Filter>Sources</Filter>
    </ClCompile>
    <ClCompile Include="PostProcess.cpp">
      <Filter>Sources</Filter>
    </ClCompile>
    <ClCompile Include="Tracer.cpp">
      <Filter>Sources</Filter>
    </ClCompile>
    <ClCompile Include="Sphere.cpp">
      <Filter>Sources</Filter>
    </ClCompile>
    <ClCompile Include="Scene.cpp">
      <Filter>Sources</Filter>
    </ClCompile>
    <ClCompile Include="Plane.cpp">
      <Filter>Sources</Filter>
    </ClCompile>
    <ClCompile Include="Material.cpp">
      <Filter>Sources</Filter>
    </ClCompile>
    <ClCompile Include="Camera.cpp">
      <Filter>Sources</Filter>
    </ClCompile>
  </ItemGroup>
  <ItemGroup>
    <ClInclude Include="Framebuffer.h">
      <Filter>Sources</Filter>
    </ClInclude>
    <ClInclude Include="Renderer.h">
      <Filter>Sources</Filter>
    </ClInclude>
    <ClInclude Include="Image.h">
      <Filter>Sources</Filter>
    </ClInclude>
    <ClInclude Include="ColorBuffer.h">
      <Filter>Sources</Filter>
    </ClInclude>
    <ClInclude Include="PostProcess.h">
      <Filter>Sources</Filter>
    </ClInclude>
    <ClInclude Include="Types.h">
      <Filter>Sources</Filter>
    </ClInclude>
    <ClInclude Include="Ray.h">
      <Filter>Sources</Filter>
    </ClInclude>
    <ClInclude Include="Tracer.h">
      <Filter>Sources</Filter>
    </ClInclude>
    <ClInclude Include="Sphere.h">
      <Filter>Sources</Filter>
    </ClInclude>
    <ClInclude Include="Geometry.h">
      <Filter>Sources</Filter>
    </ClInclude>
    <ClInclude Include="Scene.h">
      <Filter>Sources</Filter>
    </ClInclude>
    <ClInclude Include="Plane.h">
      <Filter>Sources</Filter>
    </ClInclude>
    <ClInclude Include="Material.h">
      <Filter>Sources</Filter>
    </ClInclude>
    <ClInclude Include="Camera.h" />
  </ItemGroup>
</Project>